
Microsoft Visual Studio Solution File, Format Version 12.00
# Visual Studio 15
VisualStudioVersion = 15.0.27703.2026
MinimumVisualStudioVersion = 10.0.40219.1
Project("{FAE04EC0-301F-11D3-BF4B-00C04F79EFBC}") = "Calculator", "UnitTesting\Calculator.csproj", "{26FE1358-74A2-480D-ABE4-8FAE65220E49}"
EndProject
Project("{FAE04EC0-301F-11D3-BF4B-00C04F79EFBC}") = "MSTests", "MSTests\MSTests.csproj", "{7DFDF15E-9FB4-4E12-B786-BBE03F8DC361}"
EndProject
Project("{FAE04EC0-301F-11D3-BF4B-00C04F79EFBC}") = "NUnitTests", "NUnitTests\NUnitTests.csproj", "{538C541B-8A68-4DB1-B35A-6B1E202BA0D9}"
EndProject
Global
	GlobalSection(SolutionConfigurationPlatforms) = preSolution
		Debug|Any CPU = Debug|Any CPU
		Release|Any CPU = Release|Any CPU
	EndGlobalSection
	GlobalSection(ProjectConfigurationPlatforms) = postSolution
		{26FE1358-74A2-480D-ABE4-8FAE65220E49}.Debug|Any CPU.ActiveCfg = Debug|Any CPU
		{26FE1358-74A2-480D-ABE4-8FAE65220E49}.Debug|Any CPU.Build.0 = Debug|Any CPU
		{26FE1358-74A2-480D-ABE4-8FAE65220E49}.Release|Any CPU.ActiveCfg = Release|Any CPU
		{26FE1358-74A2-480D-ABE4-8FAE65220E49}.Release|Any CPU.Build.0 = Release|Any CPU
		{7DFDF15E-9FB4-4E12-B786-BBE03F8DC361}.Debug|Any CPU.ActiveCfg = Debug|Any CPU
		{7DFDF15E-9FB4-4E12-B786-BBE03F8DC361}.Debug|Any CPU.Build.0 = Debug|Any CPU
		{7DFDF15E-9FB4-4E12-B786-BBE03F8DC361}.Release|Any CPU.ActiveCfg = Release|Any CPU
		{7DFDF15E-9FB4-4E12-B786-BBE03F8DC361}.Release|Any CPU.Build.0 = Release|Any CPU
		{538C541B-8A68-4DB1-B35A-6B1E202BA0D9}.Debug|Any CPU.ActiveCfg = Debug|Any CPU
		{538C541B-8A68-4DB1-B35A-6B1E202BA0D9}.Debug|Any CPU.Build.0 = Debug|Any CPU
		{538C541B-8A68-4DB1-B35A-6B1E202BA0D9}.Release|Any CPU.ActiveCfg = Release|Any CPU
		{538C541B-8A68-4DB1-B35A-6B1E202BA0D9}.Release|Any CPU.Build.0 = Release|Any CPU
	EndGlobalSection
	GlobalSection(SolutionProperties) = preSolution
		HideSolutionNode = FALSE
	EndGlobalSection
	GlobalSection(ExtensibilityGlobals) = postSolution
		SolutionGuid = {CA976617-7E06-48B0-A19E-07B84BE36118}
	EndGlobalSection
EndGlobal
